
Microsoft Visual Studio Solution File, Format Version 12.00
# Visual Studio Version 16
VisualStudioVersion = 16.0.31702.278
MinimumVisualStudioVersion = 10.0.40219.1
Project("{FAE04EC0-301F-11D3-BF4B-00C04F79EFBC}") = "WindowsFormsApp11", "WindowsFormsApp11\WindowsFormsApp11.csproj", "{A9DC96A9-AAA6-4D9B-8BEA-D3E90CEDB95D}"
EndProject
Global
	GlobalSection(SolutionConfigurationPlatforms) = preSolution
		Debug|Any CPU = Debug|Any CPU
		Release|Any CPU = Release|Any CPU
	EndGlobalSection
	GlobalSection(ProjectConfigurationPlatforms) = postSolution
		{A9DC96A9-AAA6-4D9B-8BEA-D3E90CEDB95D}.Debug|Any CPU.ActiveCfg = Debug|Any CPU
		{A9DC96A9-AAA6-4D9B-8BEA-D3E90CEDB95D}.Debug|Any CPU.Build.0 = Debug|Any CPU
		{A9DC96A9-AAA6-4D9B-8BEA-D3E90CEDB95D}.Release|Any CPU.ActiveCfg = Release|Any CPU
		{A9DC96A9-AAA6-4D9B-8BEA-D3E90CEDB95D}.Release|Any CPU.Build.0 = Release|Any CPU
	EndGlobalSection
	GlobalSection(SolutionProperties) = preSolution
		HideSolutionNode = FALSE
	EndGlobalSection
	GlobalSection(ExtensibilityGlobals) = postSolution
		SolutionGuid = {269F3A8E-2262-41A8-B3EB-63C8BC99B8E8}
	EndGlobalSection
EndGlobal
